
Microsoft Visual Studio Solution File, Format Version 12.00
# Visual Studio Version 16
VisualStudioVersion = 16.0.32802.440
MinimumVisualStudioVersion = 10.0.40219.1
Project("{FAE04EC0-301F-11D3-BF4B-00C04F79EFBC}") = "Question 1", "Question 1\Question 1.csproj", "{7B098E9C-2753-4734-803B-7E06972911D1}"
EndProject
Global
	GlobalSection(SolutionConfigurationPlatforms) = preSolution
		Debug|Any CPU = Debug|Any CPU
		Release|Any CPU = Release|Any CPU
	EndGlobalSection
	GlobalSection(ProjectConfigurationPlatforms) = postSolution
		{7B098E9C-2753-4734-803B-7E06972911D1}.Debug|Any CPU.ActiveCfg = Debug|Any CPU
		{7B098E9C-2753-4734-803B-7E06972911D1}.Debug|Any CPU.Build.0 = Debug|Any CPU
		{7B098E9C-2753-4734-803B-7E06972911D1}.Release|Any CPU.ActiveCfg = Release|Any CPU
		{7B098E9C-2753-4734-803B-7E06972911D1}.Release|Any CPU.Build.0 = Release|Any CPU
	EndGlobalSection
	GlobalSection(SolutionProperties) = preSolution
		HideSolutionNode = FALSE
	EndGlobalSection
	GlobalSection(ExtensibilityGlobals) = postSolution
		SolutionGuid = {5AF1473B-3B6A-4738-85B7-9FE22EEFAFBC}
	EndGlobalSection
EndGlobal
