
Microsoft Visual Studio Solution File, Format Version 12.00
# Visual Studio Version 16
VisualStudioVersion = 16.0.32802.440
MinimumVisualStudioVersion = 10.0.40219.1
Project("{FAE04EC0-301F-11D3-BF4B-00C04F79EFBC}") = "Question 6", "Question 6\Question 6.csproj", "{FB24EDF9-F0BD-487E-B2BC-0E4ECA139B9A}"
EndProject
Global
	GlobalSection(SolutionConfigurationPlatforms) = preSolution
		Debug|Any CPU = Debug|Any CPU
		Release|Any CPU = Release|Any CPU
	EndGlobalSection
	GlobalSection(ProjectConfigurationPlatforms) = postSolution
		{FB24EDF9-F0BD-487E-B2BC-0E4ECA139B9A}.Debug|Any CPU.ActiveCfg = Debug|Any CPU
		{FB24EDF9-F0BD-487E-B2BC-0E4ECA139B9A}.Debug|Any CPU.Build.0 = Debug|Any CPU
		{FB24EDF9-F0BD-487E-B2BC-0E4ECA139B9A}.Release|Any CPU.ActiveCfg = Release|Any CPU
		{FB24EDF9-F0BD-487E-B2BC-0E4ECA139B9A}.Release|Any CPU.Build.0 = Release|Any CPU
	EndGlobalSection
	GlobalSection(SolutionProperties) = preSolution
		HideSolutionNode = FALSE
	EndGlobalSection
	GlobalSection(ExtensibilityGlobals) = postSolution
		SolutionGuid = {316160BA-C72A-43A4-A6B5-5A6B707B8327}
	EndGlobalSection
EndGlobal
