
Microsoft Visual Studio Solution File, Format Version 12.00
# Visual Studio Version 16
VisualStudioVersion = 16.0.32802.440
MinimumVisualStudioVersion = 10.0.40219.1
Project("{FAE04EC0-301F-11D3-BF4B-00C04F79EFBC}") = "Question 2", "Question 2\Question 2.csproj", "{FA89D053-FD5E-43C6-964A-C54E9F9F8599}"
EndProject
Global
	GlobalSection(SolutionConfigurationPlatforms) = preSolution
		Debug|Any CPU = Debug|Any CPU
		Release|Any CPU = Release|Any CPU
	EndGlobalSection
	GlobalSection(ProjectConfigurationPlatforms) = postSolution
		{FA89D053-FD5E-43C6-964A-C54E9F9F8599}.Debug|Any CPU.ActiveCfg = Debug|Any CPU
		{FA89D053-FD5E-43C6-964A-C54E9F9F8599}.Debug|Any CPU.Build.0 = Debug|Any CPU
		{FA89D053-FD5E-43C6-964A-C54E9F9F8599}.Release|Any CPU.ActiveCfg = Release|Any CPU
		{FA89D053-FD5E-43C6-964A-C54E9F9F8599}.Release|Any CPU.Build.0 = Release|Any CPU
	EndGlobalSection
	GlobalSection(SolutionProperties) = preSolution
		HideSolutionNode = FALSE
	EndGlobalSection
	GlobalSection(ExtensibilityGlobals) = postSolution
		SolutionGuid = {579BA6F4-2CAF-4171-93EB-DB583B5AA4F2}
	EndGlobalSection
EndGlobal
