
Microsoft Visual Studio Solution File, Format Version 12.00
# Visual Studio Version 16
VisualStudioVersion = 16.0.32802.440
MinimumVisualStudioVersion = 10.0.40219.1
Project("{FAE04EC0-301F-11D3-BF4B-00C04F79EFBC}") = "Question 14", "Question 14\Question 14.csproj", "{978791E6-E904-415B-9A72-860948C63E3A}"
EndProject
Global
	GlobalSection(SolutionConfigurationPlatforms) = preSolution
		Debug|Any CPU = Debug|Any CPU
		Release|Any CPU = Release|Any CPU
	EndGlobalSection
	GlobalSection(ProjectConfigurationPlatforms) = postSolution
		{978791E6-E904-415B-9A72-860948C63E3A}.Debug|Any CPU.ActiveCfg = Debug|Any CPU
		{978791E6-E904-415B-9A72-860948C63E3A}.Debug|Any CPU.Build.0 = Debug|Any CPU
		{978791E6-E904-415B-9A72-860948C63E3A}.Release|Any CPU.ActiveCfg = Release|Any CPU
		{978791E6-E904-415B-9A72-860948C63E3A}.Release|Any CPU.Build.0 = Release|Any CPU
	EndGlobalSection
	GlobalSection(SolutionProperties) = preSolution
		HideSolutionNode = FALSE
	EndGlobalSection
	GlobalSection(ExtensibilityGlobals) = postSolution
		SolutionGuid = {FEBC8E09-8BAA-4FD0-98E5-61D1D4B25EAE}
	EndGlobalSection
EndGlobal
