
Microsoft Visual Studio Solution File, Format Version 12.00
# Visual Studio Version 16
VisualStudioVersion = 16.0.32802.440
MinimumVisualStudioVersion = 10.0.40219.1
Project("{FAE04EC0-301F-11D3-BF4B-00C04F79EFBC}") = "Question 10", "Question 10\Question 10.csproj", "{2657088F-9688-4143-9D28-A5BA08E2291C}"
EndProject
Global
	GlobalSection(SolutionConfigurationPlatforms) = preSolution
		Debug|Any CPU = Debug|Any CPU
		Release|Any CPU = Release|Any CPU
	EndGlobalSection
	GlobalSection(ProjectConfigurationPlatforms) = postSolution
		{2657088F-9688-4143-9D28-A5BA08E2291C}.Debug|Any CPU.ActiveCfg = Debug|Any CPU
		{2657088F-9688-4143-9D28-A5BA08E2291C}.Debug|Any CPU.Build.0 = Debug|Any CPU
		{2657088F-9688-4143-9D28-A5BA08E2291C}.Release|Any CPU.ActiveCfg = Release|Any CPU
		{2657088F-9688-4143-9D28-A5BA08E2291C}.Release|Any CPU.Build.0 = Release|Any CPU
	EndGlobalSection
	GlobalSection(SolutionProperties) = preSolution
		HideSolutionNode = FALSE
	EndGlobalSection
	GlobalSection(ExtensibilityGlobals) = postSolution
		SolutionGuid = {624157C4-2375-43EB-A163-9A3D774BEF2F}
	EndGlobalSection
EndGlobal
