
Microsoft Visual Studio Solution File, Format Version 12.00
# Visual Studio Version 16
VisualStudioVersion = 16.0.32802.440
MinimumVisualStudioVersion = 10.0.40219.1
Project("{FAE04EC0-301F-11D3-BF4B-00C04F79EFBC}") = "Question 15", "Question 15\Question 15.csproj", "{1D3084BD-76FC-4BF5-96C9-44A85F42134B}"
EndProject
Global
	GlobalSection(SolutionConfigurationPlatforms) = preSolution
		Debug|Any CPU = Debug|Any CPU
		Release|Any CPU = Release|Any CPU
	EndGlobalSection
	GlobalSection(ProjectConfigurationPlatforms) = postSolution
		{1D3084BD-76FC-4BF5-96C9-44A85F42134B}.Debug|Any CPU.ActiveCfg = Debug|Any CPU
		{1D3084BD-76FC-4BF5-96C9-44A85F42134B}.Debug|Any CPU.Build.0 = Debug|Any CPU
		{1D3084BD-76FC-4BF5-96C9-44A85F42134B}.Release|Any CPU.ActiveCfg = Release|Any CPU
		{1D3084BD-76FC-4BF5-96C9-44A85F42134B}.Release|Any CPU.Build.0 = Release|Any CPU
	EndGlobalSection
	GlobalSection(SolutionProperties) = preSolution
		HideSolutionNode = FALSE
	EndGlobalSection
	GlobalSection(ExtensibilityGlobals) = postSolution
		SolutionGuid = {275A2872-82BD-43DB-9B1E-907DB47FB238}
	EndGlobalSection
EndGlobal
