
Microsoft Visual Studio Solution File, Format Version 12.00
# Visual Studio Version 16
VisualStudioVersion = 16.0.32802.440
MinimumVisualStudioVersion = 10.0.40219.1
Project("{FAE04EC0-301F-11D3-BF4B-00C04F79EFBC}") = "Question 9", "Question 9\Question 9.csproj", "{8A9725A4-6BB6-4BB5-828E-A3598A0A7536}"
EndProject
Global
	GlobalSection(SolutionConfigurationPlatforms) = preSolution
		Debug|Any CPU = Debug|Any CPU
		Release|Any CPU = Release|Any CPU
	EndGlobalSection
	GlobalSection(ProjectConfigurationPlatforms) = postSolution
		{8A9725A4-6BB6-4BB5-828E-A3598A0A7536}.Debug|Any CPU.ActiveCfg = Debug|Any CPU
		{8A9725A4-6BB6-4BB5-828E-A3598A0A7536}.Debug|Any CPU.Build.0 = Debug|Any CPU
		{8A9725A4-6BB6-4BB5-828E-A3598A0A7536}.Release|Any CPU.ActiveCfg = Release|Any CPU
		{8A9725A4-6BB6-4BB5-828E-A3598A0A7536}.Release|Any CPU.Build.0 = Release|Any CPU
	EndGlobalSection
	GlobalSection(SolutionProperties) = preSolution
		HideSolutionNode = FALSE
	EndGlobalSection
	GlobalSection(ExtensibilityGlobals) = postSolution
		SolutionGuid = {CB4F1998-C2F0-48D6-AF21-674EC7A3D1B2}
	EndGlobalSection
EndGlobal
